
Microsoft Visual Studio Solution File, Format Version 12.00
# Visual Studio 15
VisualStudioVersion = 15.0.36617.4
MinimumVisualStudioVersion = 10.0.40219.1
Project("{FAE04EC0-301F-11D3-BF4B-00C04F79EFBC}") = "A2Z", "A2Z\A2Z.csproj", "{911DDB19-E959-4984-9DD3-F2D2BA692CD3}"
EndProject
Global
	GlobalSection(SolutionConfigurationPlatforms) = preSolution
		Debug|Any CPU = Debug|Any CPU
		Release|Any CPU = Release|Any CPU
	EndGlobalSection
	GlobalSection(ProjectConfigurationPlatforms) = postSolution
		{911DDB19-E959-4984-9DD3-F2D2BA692CD3}.Debug|Any CPU.ActiveCfg = Debug|Any CPU
		{911DDB19-E959-4984-9DD3-F2D2BA692CD3}.Debug|Any CPU.Build.0 = Debug|Any CPU
		{911DDB19-E959-4984-9DD3-F2D2BA692CD3}.Release|Any CPU.ActiveCfg = Release|Any CPU
		{911DDB19-E959-4984-9DD3-F2D2BA692CD3}.Release|Any CPU.Build.0 = Release|Any CPU
	EndGlobalSection
	GlobalSection(SolutionProperties) = preSolution
		HideSolutionNode = FALSE
	EndGlobalSection
	GlobalSection(ExtensibilityGlobals) = postSolution
		SolutionGuid = {EE6383F5-13B1-4CA9-8140-3FD64269DD8D}
	EndGlobalSection
EndGlobal
